
Microsoft Visual Studio Solution File, Format Version 12.00
# Visual Studio 2012
Project("{FAE04EC0-301F-11D3-BF4B-00C04F79EFBC}") = "specflow_samples", "specflow_samples.csproj", "{776AF1C2-A106-4339-AC2D-A2A1405DE8EB}"
EndProject
Global
	GlobalSection(SolutionConfigurationPlatforms) = preSolution
		Debug|x86 = Debug|x86
		Release|x86 = Release|x86
	EndGlobalSection
	GlobalSection(ProjectConfigurationPlatforms) = postSolution
		{776AF1C2-A106-4339-AC2D-A2A1405DE8EB}.Debug|x86.ActiveCfg = Debug|x86
		{776AF1C2-A106-4339-AC2D-A2A1405DE8EB}.Debug|x86.Build.0 = Debug|x86
		{776AF1C2-A106-4339-AC2D-A2A1405DE8EB}.Release|x86.ActiveCfg = Release|x86
		{776AF1C2-A106-4339-AC2D-A2A1405DE8EB}.Release|x86.Build.0 = Release|x86
	EndGlobalSection
EndGlobal
